
Microsoft Visual Studio Solution File, Format Version 12.00
# Visual Studio Version 16
VisualStudioVersion = 16.0.29215.179
MinimumVisualStudioVersion = 10.0.40219.1
Project("{FAE04EC0-301F-11D3-BF4B-00C04F79EFBC}") = "Day2-1-InClass", "Day2-1-InClass.csproj", "{0A6D3A37-A69D-409A-996D-0A335E541E39}"
EndProject
Global
	GlobalSection(SolutionConfigurationPlatforms) = preSolution
		Debug|Any CPU = Debug|Any CPU
		Release|Any CPU = Release|Any CPU
	EndGlobalSection
	GlobalSection(ProjectConfigurationPlatforms) = postSolution
		{0A6D3A37-A69D-409A-996D-0A335E541E39}.Debug|Any CPU.ActiveCfg = Debug|Any CPU
		{0A6D3A37-A69D-409A-996D-0A335E541E39}.Debug|Any CPU.Build.0 = Debug|Any CPU
		{0A6D3A37-A69D-409A-996D-0A335E541E39}.Release|Any CPU.ActiveCfg = Release|Any CPU
		{0A6D3A37-A69D-409A-996D-0A335E541E39}.Release|Any CPU.Build.0 = Release|Any CPU
	EndGlobalSection
	GlobalSection(SolutionProperties) = preSolution
		HideSolutionNode = FALSE
	EndGlobalSection
	GlobalSection(ExtensibilityGlobals) = postSolution
		SolutionGuid = {563EEE52-9401-466B-A4DB-D3EBE09D8251}
	EndGlobalSection
EndGlobal
