
Microsoft Visual Studio Solution File, Format Version 12.00
# Visual Studio Version 16
VisualStudioVersion = 16.0.29215.179
MinimumVisualStudioVersion = 10.0.40219.1
Project("{FAE04EC0-301F-11D3-BF4B-00C04F79EFBC}") = "Class Project - Deliverable 2 - Conditional Statement", "Class Project - Deliverable 2 - Conditional Statement.csproj", "{D73C3F61-9789-4FAC-83D7-155C69E79010}"
EndProject
Global
	GlobalSection(SolutionConfigurationPlatforms) = preSolution
		Debug|Any CPU = Debug|Any CPU
		Release|Any CPU = Release|Any CPU
	EndGlobalSection
	GlobalSection(ProjectConfigurationPlatforms) = postSolution
		{D73C3F61-9789-4FAC-83D7-155C69E79010}.Debug|Any CPU.ActiveCfg = Debug|Any CPU
		{D73C3F61-9789-4FAC-83D7-155C69E79010}.Debug|Any CPU.Build.0 = Debug|Any CPU
		{D73C3F61-9789-4FAC-83D7-155C69E79010}.Release|Any CPU.ActiveCfg = Release|Any CPU
		{D73C3F61-9789-4FAC-83D7-155C69E79010}.Release|Any CPU.Build.0 = Release|Any CPU
	EndGlobalSection
	GlobalSection(SolutionProperties) = preSolution
		HideSolutionNode = FALSE
	EndGlobalSection
	GlobalSection(ExtensibilityGlobals) = postSolution
		SolutionGuid = {21347943-DE38-4A23-B792-2EEA94D24129}
	EndGlobalSection
EndGlobal
