
Microsoft Visual Studio Solution File, Format Version 12.00
# Visual Studio Version 16
VisualStudioVersion = 16.0.29215.179
MinimumVisualStudioVersion = 10.0.40219.1
Project("{FAE04EC0-301F-11D3-BF4B-00C04F79EFBC}") = "Class Project - Deliverable 3 - Methods", "Class Project - Deliverable 3 - Methods.csproj", "{161058F6-58FD-405B-B0BB-61D753508DFE}"
EndProject
Global
	GlobalSection(SolutionConfigurationPlatforms) = preSolution
		Debug|Any CPU = Debug|Any CPU
		Release|Any CPU = Release|Any CPU
	EndGlobalSection
	GlobalSection(ProjectConfigurationPlatforms) = postSolution
		{161058F6-58FD-405B-B0BB-61D753508DFE}.Debug|Any CPU.ActiveCfg = Debug|Any CPU
		{161058F6-58FD-405B-B0BB-61D753508DFE}.Debug|Any CPU.Build.0 = Debug|Any CPU
		{161058F6-58FD-405B-B0BB-61D753508DFE}.Release|Any CPU.ActiveCfg = Release|Any CPU
		{161058F6-58FD-405B-B0BB-61D753508DFE}.Release|Any CPU.Build.0 = Release|Any CPU
	EndGlobalSection
	GlobalSection(SolutionProperties) = preSolution
		HideSolutionNode = FALSE
	EndGlobalSection
	GlobalSection(ExtensibilityGlobals) = postSolution
		SolutionGuid = {558C1F12-7E27-4AFB-8C3C-B48E6CF47921}
	EndGlobalSection
EndGlobal
